{
	"name": "@mizuchilabs/lyvo",
	"version": "0.2.0",
	"lockfileVersion": 3,
	"requires": true,
	"packages": {
		"": {
			"name": "@mizuchilabs/lyvo",
			"version": "0.2.0",
			"license": "Apache-2.0",
			"dependencies": {
				"@apidevtools/swagger-parser": "^12.1.0",
				"@astrojs/language-server": "^2.16.11",
				"@astrojs/markdown-remark": "^7.2.1",
				"@astrojs/mdx": "^7.0.2",
				"@astrojs/sitemap": "^3.7.3",
				"@lucide/astro": "^1.23.0",
				"@tailwindcss/typography": "^0.5.20",
				"astro-pagefind": "^2.0.1",
				"clsx": "^2.1.1",
				"marked": "^18.0.5",
				"openapi-sampler": "^1.7.4",
				"rehype-autolink-headings": "^7.1.0",
				"rehype-slug": "^6.0.0",
				"tailwind-merge": "^3.6.0",
				"tw-animate-css": "^1.4.0"
			},
			"devDependencies": {
				"@astrojs/check": "^0.9.9",
				"@tailwindcss/vite": "^4.3.2",
				"@types/node": "^26.1.0",
				"astro": "^7.0.6",
				"oxlint": "^1.72.0",
				"prettier": "3.9.6",
				"prettier-plugin-astro": "0.14.1",
				"prettier-plugin-tailwindcss": "^0.8.0",
				"sharp": "^0.35.3",
				"tailwindcss": "^4.3.2",
				"typescript": "^7.0.0"
			},
			"peerDependencies": {
				"@pagefind/component-ui": "^1.5.0",
				"@tailwindcss/vite": "^4.0.0",
				"astro": "^6.4.6 || ^7.0.0",
				"tailwindcss": "^4.0.0"
			}
		},
		"../../node_modules/.pnpm/@apidevtools+swagger-parser@12.1.0_openapi-types@12.1.3/node_modules/@apidevtools/swagger-parser": {
			"version": "12.1.0",
			"license": "MIT",
			"dependencies": {
				"@apidevtools/json-schema-ref-parser": "14.0.1",
				"@apidevtools/openapi-schemas": "^2.1.0",
				"@apidevtools/swagger-methods": "^3.0.2",
				"ajv": "^8.17.1",
				"ajv-draft-04": "^1.0.0",
				"call-me-maybe": "^1.0.2"
			},
			"devDependencies": {
				"@eslint/compat": "^1.3.0",
				"@eslint/js": "^9.29.0",
				"@jsdevtools/host-environment": "^2.1.2",
				"@types/node": "^24.0.3",
				"chai": "^5",
				"cross-env": "^7.0.3",
				"esbuild": "^0.25.5",
				"esbuild-plugin-polyfill-node": "^0.3.0",
				"eslint": "^9.29.0",
				"eslint-config-prettier": "^10.1.5",
				"eslint-plugin-jsdoc": "^51.0.1",
				"eslint-plugin-prettier": "^5.4.1",
				"eslint-plugin-unused-imports": "^4.1.4",
				"globals": "^16.2.0",
				"js-yaml": "^4.1.0",
				"mocha": "^11.6.0",
				"nyc": "^17.1.0",
				"openapi-types": "^12.1.3",
				"prettier": "^3.5.3",
				"rimraf": "^6.0.1",
				"typescript": "^5.8.3",
				"typescript-eslint": "^8.34.1"
			},
			"peerDependencies": {
				"openapi-types": ">=7"
			}
		},
		"../../node_modules/.pnpm/@astrojs+check@0.9.9_prettier-plugin-astro@0.14.1_prettier@3.9.6_typescript@7.0.2/node_modules/@astrojs/check": {
			"version": "0.9.9",
			"dev": true,
			"license": "MIT",
			"dependencies": {
				"@astrojs/language-server": "^2.16.7",
				"chokidar": "^4.0.3",
				"kleur": "^4.1.5",
				"yargs": "^17.7.2"
			},
			"bin": {
				"astro-check": "bin/astro-check.js"
			},
			"devDependencies": {
				"@types/node": "^20.9.0",
				"@types/yargs": "^17.0.35",
				"astro-scripts": "0.0.14",
				"tinyglobby": "^0.2.16",
				"tsx": "^4.21.0"
			},
			"peerDependencies": {
				"typescript": "^5.0.0 || ^6.0.0"
			}
		},
		"../../node_modules/.pnpm/@astrojs+language-server@2.16.11_prettier-plugin-astro@0.14.1_prettier@3.9.6_typescript@7.0.2/node_modules/@astrojs/language-server": {
			"version": "2.16.11",
			"license": "MIT",
			"dependencies": {
				"@astrojs/compiler": "^2.13.1",
				"@astrojs/yaml2ts": "^0.2.4",
				"@jridgewell/sourcemap-codec": "^1.5.5",
				"@volar/kit": "~2.4.28",
				"@volar/language-core": "~2.4.28",
				"@volar/language-server": "~2.4.28",
				"@volar/language-service": "~2.4.28",
				"muggle-string": "^0.4.1",
				"tinyglobby": "^0.2.16",
				"volar-service-css": "0.0.71",
				"volar-service-emmet": "0.0.71",
				"volar-service-html": "0.0.71",
				"volar-service-prettier": "0.0.71",
				"volar-service-typescript": "0.0.71",
				"volar-service-typescript-twoslash-queries": "0.0.71",
				"volar-service-yaml": "0.0.71",
				"vscode-html-languageservice": "^5.6.2",
				"vscode-uri": "^3.1.0"
			},
			"bin": {
				"astro-ls": "bin/nodeServer.js"
			},
			"devDependencies": {
				"@types/node": "^22.10.6",
				"@volar/test-utils": "~2.4.28",
				"@volar/typescript": "~2.4.28",
				"astro-scripts": "0.0.14",
				"tsx": "^4.22.0",
				"typescript": "^6.0.3",
				"vscode-languageserver-protocol": "^3.17.5",
				"vscode-languageserver-textdocument": "^1.0.12"
			},
			"peerDependencies": {
				"prettier": "^3.0.0",
				"prettier-plugin-astro": ">=0.11.0"
			},
			"peerDependenciesMeta": {
				"prettier": {
					"optional": true
				},
				"prettier-plugin-astro": {
					"optional": true
				}
			}
		},
		"../../node_modules/.pnpm/@astrojs+markdown-remark@7.2.1/node_modules/@astrojs/markdown-remark": {
			"version": "7.2.1",
			"license": "MIT",
			"dependencies": {
				"@astrojs/internal-helpers": "0.10.1",
				"@astrojs/prism": "4.0.2",
				"github-slugger": "^2.0.0",
				"hast-util-from-html": "^2.0.3",
				"hast-util-to-text": "^4.0.2",
				"mdast-util-definitions": "^6.0.0",
				"rehype-raw": "^7.0.0",
				"rehype-stringify": "^10.0.1",
				"remark-gfm": "^4.0.1",
				"remark-parse": "^11.0.0",
				"remark-rehype": "^11.1.2",
				"remark-smartypants": "^3.0.2",
				"unified": "^11.0.5",
				"unist-util-remove-position": "^5.0.0",
				"unist-util-visit": "^5.1.0",
				"unist-util-visit-parents": "^6.0.2",
				"vfile": "^6.0.3"
			},
			"devDependencies": {
				"@types/estree": "^1.0.8",
				"@types/hast": "^3.0.4",
				"@types/mdast": "^4.0.4",
				"@types/unist": "^3.0.3",
				"astro-scripts": "0.0.14",
				"esbuild": "^0.28.0",
				"mdast-util-mdx-expression": "^2.0.1",
				"shiki": "^4.0.0"
			}
		},
		"../../node_modules/.pnpm/@astrojs+mdx@7.0.2_@astrojs+markdown-satteri@0.3.3_astro@7.0.6_@astrojs+markdown-remark_3f55bf229688138cf6750e6f9bcd486b/node_modules/@astrojs/mdx": {
			"version": "7.0.2",
			"license": "MIT",
			"dependencies": {
				"@astrojs/internal-helpers": "0.10.1",
				"@astrojs/markdown-remark": "7.2.1",
				"@mdx-js/mdx": "^3.1.1",
				"acorn": "^8.16.0",
				"es-module-lexer": "^2.0.0",
				"estree-util-visit": "^2.0.0",
				"hast-util-to-html": "^9.0.5",
				"piccolore": "^0.1.3",
				"rehype-raw": "^7.0.0",
				"remark-gfm": "^4.0.1",
				"remark-smartypants": "^3.0.2",
				"source-map": "^0.7.6",
				"unist-util-visit": "^5.1.0",
				"vfile": "^6.0.3"
			},
			"devDependencies": {
				"@astrojs/markdown-satteri": "0.3.3",
				"@shikijs/rehype": "^4.0.2",
				"@shikijs/twoslash": "^4.0.2",
				"@types/estree": "^1.0.8",
				"@types/hast": "^3.0.4",
				"@types/mdast": "^4.0.4",
				"astro": "7.0.6",
				"astro-scripts": "0.0.14",
				"cheerio": "1.2.0",
				"linkedom": "^0.18.12",
				"mdast-util-mdx": "^3.0.0",
				"mdast-util-mdx-jsx": "^3.2.0",
				"rehype-mathjax": "^7.1.0",
				"rehype-pretty-code": "^0.14.3",
				"remark-math": "^6.0.0",
				"remark-rehype": "^11.1.2",
				"remark-toc": "^9.0.0",
				"satteri": "^0.9.1",
				"shiki": "^4.0.2",
				"unified": "^11.0.5",
				"vite": "^8.0.13"
			},
			"engines": {
				"node": ">=22.12.0"
			},
			"peerDependencies": {
				"@astrojs/markdown-satteri": "^0.3.1",
				"astro": "^7.0.0"
			},
			"peerDependenciesMeta": {
				"@astrojs/markdown-satteri": {
					"optional": true
				}
			}
		},
		"../../node_modules/.pnpm/@astrojs+sitemap@3.7.3/node_modules/@astrojs/sitemap": {
			"version": "3.7.3",
			"license": "MIT",
			"dependencies": {
				"sitemap": "^9.0.0",
				"stream-replace-string": "^2.0.0",
				"zod": "^4.3.6"
			},
			"devDependencies": {
				"@types/xml2js": "^0.4.14",
				"astro": "6.3.8",
				"astro-scripts": "0.0.14",
				"xml2js": "0.6.2"
			}
		},
		"../../node_modules/.pnpm/@lucide+astro@1.23.0_astro@7.0.6_@astrojs+markdown-remark@7.2.1_@emnapi+core@1.11.1_@em_d4b5ffd2cdfbd55085aa17fd9d9078ca/node_modules/@lucide/astro": {
			"version": "1.23.0",
			"license": "ISC",
			"devDependencies": {
				"@astrojs/ts-plugin": "^1.10.4",
				"@lucide/build-icons": "1.1.0",
				"@testing-library/dom": "^10.4.0",
				"@testing-library/jest-dom": "^6.8.0",
				"astro": "^6.1.10",
				"jest-serializer-html": "^7.1.0",
				"linkedom": "^0.18.5",
				"prettier": "^3.4.2",
				"typescript": "^5.8.3",
				"vite": "^7.3.2",
				"vitest": "^4.1.0"
			},
			"peerDependencies": {
				"astro": "^4 || ^5 || ^6 || ^7"
			}
		},
		"../../node_modules/.pnpm/@pagefind+component-ui@1.5.2/node_modules/@pagefind/component-ui": {
			"version": "1.5.2",
			"license": "MIT",
			"peer": true,
			"dependencies": {
				"adequate-little-templates": "^1.0.2",
				"bcp-47": "^2.1.0"
			},
			"devDependencies": {
				"esbuild": "^0.28.0",
				"esbuild-plugin-import-glob": "^0.1.1",
				"typescript": "^6.0.2"
			}
		},
		"../../node_modules/.pnpm/@tailwindcss+typography@0.5.20_tailwindcss@4.3.2/node_modules/@tailwindcss/typography": {
			"version": "0.5.20",
			"license": "MIT",
			"dependencies": {
				"postcss-selector-parser": "6.0.10"
			},
			"devDependencies": {
				"@mdx-js/loader": "^1.0.19",
				"@mdx-js/mdx": "^1.6.6",
				"@next/mdx": "^8.1.0",
				"autoprefixer": "^10.2.1",
				"highlight.js": "^10.4.1",
				"jest": "^29.7.0",
				"jest-diff": "^27.3.1",
				"next": "^12.0.1",
				"postcss": "^8.2.3",
				"prettier": "^2.1.2",
				"react": "^17.0.2",
				"react-dom": "^17.0.2",
				"tailwindcss": "^3.2.2"
			},
			"peerDependencies": {
				"tailwindcss": ">=3.0.0 || >=4.0.0 || insiders"
			}
		},
		"../../node_modules/.pnpm/@tailwindcss+vite@4.3.2_vite@8.1.3_@types+node@26.1.0_esbuild@0.28.1_jiti@2.7.0_yaml@2.9.0_/node_modules/@tailwindcss/vite": {
			"version": "4.3.2",
			"dev": true,
			"license": "MIT",
			"dependencies": {
				"@tailwindcss/node": "4.3.2",
				"@tailwindcss/oxide": "4.3.2",
				"tailwindcss": "4.3.2"
			},
			"devDependencies": {
				"@types/node": "22.19.19",
				"vite": "8.0.14"
			},
			"peerDependencies": {
				"vite": "^5.2.0 || ^6 || ^7 || ^8"
			}
		},
		"../../node_modules/.pnpm/@types+node@26.1.0/node_modules/@types/node": {
			"version": "26.1.0",
			"dev": true,
			"license": "MIT",
			"dependencies": {
				"undici-types": "~8.3.0"
			}
		},
		"../../node_modules/.pnpm/astro-pagefind@2.0.1_astro@7.0.6_@astrojs+markdown-remark@7.2.1_@emnapi+core@1.11.1_@em_7726c10dafe6f52d18e3da188964ef2a/node_modules/astro-pagefind": {
			"version": "2.0.1",
			"license": "MIT",
			"dependencies": {
				"@pagefind/component-ui": "^1.5.0",
				"pagefind": "^1.5.0",
				"sirv": "^3.0.0"
			},
			"devDependencies": {
				"@astrojs/check": "0.9.9",
				"@astrojs/markdown-remark": "7.2.0",
				"astro": "7.0.5",
				"semantic-release": "25.0.5",
				"typescript": "6.0.3"
			},
			"peerDependencies": {
				"astro": "^2.0.4 || ^3 || ^4 || ^5 || ^6 || ^7"
			}
		},
		"../../node_modules/.pnpm/astro@7.0.6_@astrojs+markdown-remark@7.2.1_@emnapi+core@1.11.1_@emnapi+runtime@1.11.2_@_a9fd2dde1d5fed6ca2fcf986983da91d/node_modules/astro": {
			"version": "7.0.6",
			"dev": true,
			"license": "MIT",
			"dependencies": {
				"@astrojs/compiler-rs": "^0.3.0",
				"@astrojs/internal-helpers": "0.10.1",
				"@astrojs/markdown-satteri": "0.3.3",
				"@astrojs/telemetry": "3.3.2",
				"@capsizecss/unpack": "^4.0.0",
				"@clack/prompts": "^1.1.0",
				"@oslojs/encoding": "^1.1.0",
				"@rollup/pluginutils": "^5.3.0",
				"am-i-vibing": "^0.4.0",
				"aria-query": "^5.3.2",
				"axobject-query": "^4.1.0",
				"ci-info": "^4.4.0",
				"clsx": "^2.1.1",
				"common-ancestor-path": "^2.0.0",
				"cookie": "^1.1.1",
				"devalue": "^5.8.1",
				"diff": "^8.0.3",
				"dset": "^3.1.4",
				"es-module-lexer": "^2.0.0",
				"esbuild": "^0.28.0",
				"flattie": "^1.1.1",
				"fontace": "~0.4.1",
				"get-tsconfig": "5.0.0-beta.4",
				"github-slugger": "^2.0.0",
				"html-escaper": "3.0.3",
				"http-cache-semantics": "^4.2.0",
				"js-yaml": "^4.1.1",
				"jsonc-parser": "^3.3.1",
				"magic-string": "^0.30.21",
				"magicast": "^0.5.2",
				"mrmime": "^2.0.1",
				"neotraverse": "^0.6.18",
				"obug": "^2.1.1",
				"p-limit": "^7.3.0",
				"p-queue": "^9.1.0",
				"package-manager-detector": "^1.6.0",
				"piccolore": "^0.1.3",
				"picomatch": "^4.0.4",
				"semver": "^7.7.4",
				"shiki": "^4.0.2",
				"smol-toml": "^1.6.0",
				"svgo": "^4.0.1",
				"tinyclip": "^0.1.12",
				"tinyexec": "^1.0.4",
				"tinyglobby": "^0.2.15",
				"ultrahtml": "^1.6.0",
				"unifont": "~0.7.4",
				"unstorage": "^1.17.5",
				"vite": "^8.0.13",
				"vitefu": "^1.1.2",
				"xxhash-wasm": "^1.1.0",
				"yargs-parser": "^22.0.0",
				"zod": "^4.3.6"
			},
			"bin": {
				"astro": "bin/astro.mjs"
			},
			"devDependencies": {
				"@astrojs/check": "0.9.9",
				"@astrojs/markdown-remark": "7.2.1",
				"@playwright/test": "1.58.2",
				"@types/aria-query": "^5.0.4",
				"@types/html-escaper": "3.0.4",
				"@types/http-cache-semantics": "^4.2.0",
				"@types/js-yaml": "^4.0.9",
				"@types/parse-srcset": "^1.0.0",
				"@types/picomatch": "^4.0.2",
				"@types/semver": "^7.7.1",
				"@types/yargs-parser": "^21.0.3",
				"astro-scripts": "0.0.14",
				"cheerio": "1.2.0",
				"eol": "^0.10.0",
				"expect-type": "^1.3.0",
				"fs-fixture": "^2.13.0",
				"hono": "^4.12.14",
				"node-mocks-http": "^1.17.2",
				"parse-srcset": "^1.0.2",
				"rehype-autolink-headings": "^7.1.0",
				"rehype-slug": "^6.0.0",
				"rehype-toc": "^3.0.2",
				"remark-code-titles": "^0.1.2",
				"sass": "^1.98.0",
				"typescript": "^6.0.3",
				"undici": "^7.22.0",
				"vitest": "^4.1.0"
			},
			"engines": {
				"node": ">=22.12.0",
				"npm": ">=9.6.5",
				"pnpm": ">=7.1.0"
			},
			"funding": {
				"type": "opencollective",
				"url": "https://opencollective.com/astrodotbuild"
			},
			"optionalDependencies": {
				"sharp": "^0.34.0 || ^0.35.0"
			},
			"peerDependencies": {
				"@astrojs/markdown-remark": "7.2.1"
			},
			"peerDependenciesMeta": {
				"@astrojs/markdown-remark": {
					"optional": true
				}
			}
		},
		"../../node_modules/.pnpm/clsx@2.1.1/node_modules/clsx": {
			"version": "2.1.1",
			"license": "MIT",
			"devDependencies": {
				"esm": "3.2.25",
				"terser": "4.8.0",
				"uvu": "0.5.4"
			},
			"engines": {
				"node": ">=6"
			}
		},
		"../../node_modules/.pnpm/marked@18.0.5/node_modules/marked": {
			"version": "18.0.5",
			"license": "MIT",
			"bin": {
				"marked": "bin/marked.js"
			},
			"devDependencies": {
				"@arethetypeswrong/cli": "^0.18.3",
				"@markedjs/eslint-config": "^1.0.14",
				"@markedjs/testutils": "18.0.0-1",
				"@semantic-release/commit-analyzer": "^13.0.1",
				"@semantic-release/git": "^10.0.1",
				"@semantic-release/github": "^12.0.8",
				"@semantic-release/npm": "^13.1.5",
				"@semantic-release/release-notes-generator": "^14.1.1",
				"cheerio": "1.2.0",
				"commonmark": "0.31.2",
				"cross-env": "^10.1.0",
				"dts-bundle-generator": "^9.5.1",
				"esbuild": "^0.28.0",
				"esbuild-plugin-umd-wrapper": "^3.0.0",
				"eslint": "^10.4.1",
				"highlight.js": "^11.11.1",
				"markdown-it": "14.2.0",
				"marked-highlight": "^2.2.4",
				"marked-man": "^2.1.1",
				"recheck": "^4.5.0",
				"rimraf": "^6.1.3",
				"semantic-release": "^25.0.3",
				"titleize": "^4.0.0",
				"tslib": "^2.8.1",
				"typescript": "6.0.3"
			},
			"engines": {
				"node": ">= 20"
			}
		},
		"../../node_modules/.pnpm/openapi-sampler@1.7.4/node_modules/openapi-sampler": {
			"version": "1.7.4",
			"license": "MIT",
			"dependencies": {
				"@types/json-schema": "^7.0.7",
				"fast-xml-parser": "^5.5.1",
				"json-pointer": "0.6.2"
			},
			"devDependencies": {
				"@babel/core": "^7.7.2",
				"@babel/preset-env": "^7.7.1",
				"@babel/register": "^7.7.0",
				"@changesets/cli": "^2.29.8",
				"@types/jest": "^29.5.12",
				"ajv": "^8.1.0",
				"ajv-formats": "^2.0.2",
				"babel-eslint": "^10.0.3",
				"babel-jest": "^29.7.0",
				"babel-loader": "^8.0.6",
				"babelify": "^10.0.0",
				"browserify": "^17.0.1",
				"core-js": "^3.4.1",
				"coveralls-next": "^4.2.1",
				"del": "^5.1.0",
				"eslint": "^7.27.0",
				"glob": "^7.1.6",
				"gulp": "^4.0.2",
				"gulp-eslint": "^6.0.0",
				"gulp-filter": "^6.0.0",
				"gulp-load-plugins": "^2.0.1",
				"gulp-rename": "^1.4.0",
				"gulp-sourcemaps": "^2.6.5",
				"gulp-uglify": "^3.0.2",
				"jest": "^29.7.0",
				"json-loader": "^0.5.7",
				"vinyl-buffer": "^1.0.1",
				"vinyl-source-stream": "^2.0.0"
			}
		},
		"../../node_modules/.pnpm/oxlint@1.72.0/node_modules/oxlint": {
			"version": "1.72.0",
			"dev": true,
			"license": "MIT",
			"bin": {
				"oxlint": "bin/oxlint"
			},
			"engines": {
				"node": "^20.19.0 || >=22.12.0"
			},
			"funding": {
				"url": "https://github.com/sponsors/Boshen"
			},
			"optionalDependencies": {
				"@oxlint/binding-android-arm-eabi": "1.72.0",
				"@oxlint/binding-android-arm64": "1.72.0",
				"@oxlint/binding-darwin-arm64": "1.72.0",
				"@oxlint/binding-darwin-x64": "1.72.0",
				"@oxlint/binding-freebsd-x64": "1.72.0",
				"@oxlint/binding-linux-arm-gnueabihf": "1.72.0",
				"@oxlint/binding-linux-arm-musleabihf": "1.72.0",
				"@oxlint/binding-linux-arm64-gnu": "1.72.0",
				"@oxlint/binding-linux-arm64-musl": "1.72.0",
				"@oxlint/binding-linux-ppc64-gnu": "1.72.0",
				"@oxlint/binding-linux-riscv64-gnu": "1.72.0",
				"@oxlint/binding-linux-riscv64-musl": "1.72.0",
				"@oxlint/binding-linux-s390x-gnu": "1.72.0",
				"@oxlint/binding-linux-x64-gnu": "1.72.0",
				"@oxlint/binding-linux-x64-musl": "1.72.0",
				"@oxlint/binding-openharmony-arm64": "1.72.0",
				"@oxlint/binding-win32-arm64-msvc": "1.72.0",
				"@oxlint/binding-win32-ia32-msvc": "1.72.0",
				"@oxlint/binding-win32-x64-msvc": "1.72.0"
			},
			"peerDependencies": {
				"oxlint-tsgolint": ">=0.22.1",
				"vite-plus": "*"
			},
			"peerDependenciesMeta": {
				"oxlint-tsgolint": {
					"optional": true
				},
				"vite-plus": {
					"optional": true
				}
			}
		},
		"../../node_modules/.pnpm/prettier-plugin-astro@0.14.1/node_modules/prettier-plugin-astro": {
			"version": "0.14.1",
			"dev": true,
			"license": "MIT",
			"dependencies": {
				"@astrojs/compiler": "^2.9.1",
				"prettier": "^3.0.0",
				"sass-formatter": "^0.7.6"
			},
			"devDependencies": {
				"@changesets/cli": "^2.26.1",
				"@rollup/plugin-commonjs": "^25.0.0",
				"@rollup/plugin-typescript": "^11.1.1",
				"@types/node": "^20.2.5",
				"@typescript-eslint/eslint-plugin": "^5.61.0",
				"@typescript-eslint/parser": "^5.61.0",
				"@vitest/ui": "^0.31.3",
				"eslint": "^8.44.0",
				"eslint-config-prettier": "^8.8.0",
				"eslint-plugin-prettier": "5.0.0-alpha.2",
				"eslint-plugin-prettier-doc": "^1.1.0",
				"rollup": "^3.23.0",
				"tslib": "^2.5.2",
				"typescript": "^5.0.4",
				"vite": "^4.4.3",
				"vitest": "^0.31.3"
			},
			"engines": {
				"node": "^14.15.0 || >=16.0.0"
			}
		},
		"../../node_modules/.pnpm/prettier-plugin-tailwindcss@0.8.1_prettier-plugin-astro@0.14.1_prettier@3.9.6/node_modules/prettier-plugin-tailwindcss": {
			"version": "0.8.1",
			"dev": true,
			"license": "MIT",
			"devDependencies": {
				"@babel/types": "^7.28.2",
				"@ianvs/prettier-plugin-sort-imports": "^4.7.0",
				"@marko/compiler": "^5.39.49",
				"@prettier/plugin-hermes": "^0.1.2",
				"@prettier/plugin-oxc": "^0.1.2",
				"@prettier/plugin-pug": "^3.4.2",
				"@shopify/prettier-plugin-liquid": "^1.10.0",
				"@trivago/prettier-plugin-sort-imports": "^6.0.0",
				"@types/node": "^24.3.0",
				"@zackad/prettier-plugin-twig": "^0.16.0",
				"clear-module": "^4.1.2",
				"dedent": "^1.6.0",
				"enhanced-resolve": "^5.18.3",
				"escalade": "^3.2.0",
				"fast-glob": "^3.3.3",
				"import-sort-style-module": "^6.0.0",
				"jiti": "^2.6.0",
				"knip": "^5.83.0",
				"license-checker": "^25.0.1",
				"line-column": "^1.0.2",
				"marko": "^5.37.46",
				"oxlint": "^1.43.0",
				"oxlint-tsgolint": "^0.11.4",
				"postcss": "^8.5.6",
				"postcss-import": "^16.1.1",
				"prettier": "^3.7.3",
				"prettier-plugin-astro": "^0.14.1",
				"prettier-plugin-css-order": "^2.1.2",
				"prettier-plugin-jsdoc": "^1.3.3",
				"prettier-plugin-marko": "^3.3.2",
				"prettier-plugin-multiline-arrays": "^4.0.3",
				"prettier-plugin-organize-attributes": "^1.0.0",
				"prettier-plugin-organize-imports": "^4.2.0",
				"prettier-plugin-sort-imports": "^1.8.8",
				"prettier-plugin-svelte": "^4.0.1",
				"pug-lexer": "^5.0.1",
				"svelte": "^5.38.2",
				"tailwindcss-v3": "npm:tailwindcss@^3.4.18",
				"tailwindcss-v4": "npm:tailwindcss@^4.1.14",
				"tsdown": "^0.20.1",
				"vitest": "^3.2.4"
			},
			"engines": {
				"node": ">=20.19"
			},
			"peerDependencies": {
				"@ianvs/prettier-plugin-sort-imports": "*",
				"@prettier/plugin-hermes": "*",
				"@prettier/plugin-oxc": "*",
				"@prettier/plugin-pug": "*",
				"@shopify/prettier-plugin-liquid": "*",
				"@trivago/prettier-plugin-sort-imports": "*",
				"@zackad/prettier-plugin-twig": "*",
				"prettier": "^3.0",
				"prettier-plugin-astro": "*",
				"prettier-plugin-css-order": "*",
				"prettier-plugin-jsdoc": "*",
				"prettier-plugin-marko": "*",
				"prettier-plugin-multiline-arrays": "*",
				"prettier-plugin-organize-attributes": "*",
				"prettier-plugin-organize-imports": "*",
				"prettier-plugin-sort-imports": "*",
				"prettier-plugin-svelte": "*"
			},
			"peerDependenciesMeta": {
				"@ianvs/prettier-plugin-sort-imports": {
					"optional": true
				},
				"@prettier/plugin-hermes": {
					"optional": true
				},
				"@prettier/plugin-oxc": {
					"optional": true
				},
				"@prettier/plugin-pug": {
					"optional": true
				},
				"@shopify/prettier-plugin-liquid": {
					"optional": true
				},
				"@trivago/prettier-plugin-sort-imports": {
					"optional": true
				},
				"@zackad/prettier-plugin-twig": {
					"optional": true
				},
				"prettier-plugin-astro": {
					"optional": true
				},
				"prettier-plugin-css-order": {
					"optional": true
				},
				"prettier-plugin-jsdoc": {
					"optional": true
				},
				"prettier-plugin-marko": {
					"optional": true
				},
				"prettier-plugin-multiline-arrays": {
					"optional": true
				},
				"prettier-plugin-organize-attributes": {
					"optional": true
				},
				"prettier-plugin-organize-imports": {
					"optional": true
				},
				"prettier-plugin-sort-imports": {
					"optional": true
				},
				"prettier-plugin-svelte": {
					"optional": true
				}
			}
		},
		"../../node_modules/.pnpm/prettier@3.9.6/node_modules/prettier": {
			"version": "3.9.6",
			"dev": true,
			"license": "MIT",
			"bin": {
				"prettier": "bin/prettier.cjs"
			},
			"engines": {
				"node": ">=14"
			},
			"funding": {
				"url": "https://github.com/prettier/prettier?sponsor=1"
			}
		},
		"../../node_modules/.pnpm/rehype-autolink-headings@7.1.0/node_modules/rehype-autolink-headings": {
			"version": "7.1.0",
			"license": "MIT",
			"dependencies": {
				"@types/hast": "^3.0.0",
				"@ungap/structured-clone": "^1.0.0",
				"hast-util-heading-rank": "^3.0.0",
				"hast-util-is-element": "^3.0.0",
				"unified": "^11.0.0",
				"unist-util-visit": "^5.0.0"
			},
			"devDependencies": {
				"@types/node": "^20.0.0",
				"@types/ungap__structured-clone": "^0.3.0",
				"c8": "^8.0.0",
				"is-hidden": "^2.0.0",
				"prettier": "^3.0.0",
				"rehype": "^13.0.0",
				"remark-cli": "^11.0.0",
				"remark-preset-wooorm": "^9.0.0",
				"type-coverage": "^2.0.0",
				"typescript": "^5.0.0",
				"xo": "^0.56.0"
			},
			"funding": {
				"type": "opencollective",
				"url": "https://opencollective.com/unified"
			}
		},
		"../../node_modules/.pnpm/rehype-slug@6.0.0/node_modules/rehype-slug": {
			"version": "6.0.0",
			"license": "MIT",
			"dependencies": {
				"@types/hast": "^3.0.0",
				"github-slugger": "^2.0.0",
				"hast-util-heading-rank": "^3.0.0",
				"hast-util-to-string": "^3.0.0",
				"unist-util-visit": "^5.0.0"
			},
			"devDependencies": {
				"@types/node": "^20.0.0",
				"c8": "^8.0.0",
				"prettier": "^3.0.0",
				"rehype": "^13.0.0",
				"remark-cli": "^11.0.0",
				"remark-preset-wooorm": "^9.0.0",
				"type-coverage": "^2.0.0",
				"typescript": "^5.0.0",
				"xo": "^0.56.0"
			},
			"funding": {
				"type": "opencollective",
				"url": "https://opencollective.com/unified"
			}
		},
		"../../node_modules/.pnpm/sharp@0.35.3_@types+node@26.1.0/node_modules/sharp": {
			"version": "0.35.3",
			"dev": true,
			"license": "Apache-2.0",
			"dependencies": {
				"@img/colour": "^1.1.0",
				"detect-libc": "^2.1.2",
				"semver": "^7.8.5"
			},
			"devDependencies": {
				"@biomejs/biome": "^2.5.1",
				"@cpplint/cli": "^0.1.0",
				"@emnapi/runtime": "^1.11.1",
				"@img/sharp-libvips-dev": "1.3.2",
				"@img/sharp-libvips-dev-wasm32": "1.3.2",
				"@img/sharp-libvips-win32-arm64": "1.3.2",
				"@img/sharp-libvips-win32-ia32": "1.3.2",
				"@img/sharp-libvips-win32-x64": "1.3.2",
				"@types/node": "*",
				"emnapi": "^1.11.1",
				"exif-reader": "^2.0.3",
				"extract-zip": "^2.0.1",
				"icc": "^4.0.0",
				"node-addon-api": "^8.9.0",
				"node-gyp": "^12.4.0",
				"publint": "^0.3.21",
				"tar-fs": "^3.1.3",
				"tsd": "^0.33.0"
			},
			"engines": {
				"node": ">=20.9.0"
			},
			"funding": {
				"url": "https://opencollective.com/libvips"
			},
			"optionalDependencies": {
				"@img/sharp-darwin-arm64": "0.35.3",
				"@img/sharp-darwin-x64": "0.35.3",
				"@img/sharp-freebsd-wasm32": "0.35.3",
				"@img/sharp-libvips-darwin-arm64": "1.3.2",
				"@img/sharp-libvips-darwin-x64": "1.3.2",
				"@img/sharp-libvips-linux-arm": "1.3.2",
				"@img/sharp-libvips-linux-arm64": "1.3.2",
				"@img/sharp-libvips-linux-ppc64": "1.3.2",
				"@img/sharp-libvips-linux-riscv64": "1.3.2",
				"@img/sharp-libvips-linux-s390x": "1.3.2",
				"@img/sharp-libvips-linux-x64": "1.3.2",
				"@img/sharp-libvips-linuxmusl-arm64": "1.3.2",
				"@img/sharp-libvips-linuxmusl-x64": "1.3.2",
				"@img/sharp-linux-arm": "0.35.3",
				"@img/sharp-linux-arm64": "0.35.3",
				"@img/sharp-linux-ppc64": "0.35.3",
				"@img/sharp-linux-riscv64": "0.35.3",
				"@img/sharp-linux-s390x": "0.35.3",
				"@img/sharp-linux-x64": "0.35.3",
				"@img/sharp-linuxmusl-arm64": "0.35.3",
				"@img/sharp-linuxmusl-x64": "0.35.3",
				"@img/sharp-webcontainers-wasm32": "0.35.3",
				"@img/sharp-win32-arm64": "0.35.3",
				"@img/sharp-win32-ia32": "0.35.3",
				"@img/sharp-win32-x64": "0.35.3"
			},
			"peerDependenciesMeta": {
				"@types/node": {
					"optional": true
				}
			}
		},
		"../../node_modules/.pnpm/tailwind-merge@3.6.0/node_modules/tailwind-merge": {
			"version": "3.6.0",
			"license": "MIT",
			"devDependencies": {
				"@babel/core": "^7.29.0",
				"@babel/preset-env": "^7.29.3",
				"@codspeed/vitest-plugin": "^5.4.0",
				"@rollup/plugin-babel": "^7.0.0",
				"@rollup/plugin-node-resolve": "^16.0.3",
				"@rollup/plugin-typescript": "^12.3.0",
				"@types/node": "^24.12.2",
				"@vitest/coverage-v8": "^4.1.5",
				"@vitest/eslint-plugin": "^1.6.16",
				"babel-plugin-annotate-pure-calls": "^0.5.0",
				"babel-plugin-polyfill-regenerator": "^0.6.8",
				"eslint": "^9.39.4",
				"eslint-plugin-import": "^2.32.0",
				"globby": "^16.2.0",
				"prettier": "^3.8.3",
				"rollup": "^4.60.2",
				"rollup-plugin-delete": "^3.0.2",
				"rollup-plugin-dts": "^6.4.1",
				"tslib": "^2.8.1",
				"typescript": "^5.9.3",
				"typescript-eslint": "^8.59.1",
				"vitest": "^4.1.5",
				"zx": "^8.8.5"
			},
			"funding": {
				"type": "github",
				"url": "https://github.com/sponsors/dcastil"
			}
		},
		"../../node_modules/.pnpm/tailwindcss@4.3.2/node_modules/tailwindcss": {
			"version": "4.3.2",
			"dev": true,
			"license": "MIT",
			"devDependencies": {
				"@jridgewell/remapping": "^2.3.5",
				"@tailwindcss/oxide": "^4.3.2",
				"@types/node": "22.19.19",
				"dedent": "1.7.2",
				"lightningcss": "1.32.0",
				"magic-string": "^0.30.21",
				"source-map-js": "^1.2.1"
			}
		},
		"../../node_modules/.pnpm/tw-animate-css@1.4.0/node_modules/tw-animate-css": {
			"version": "1.4.0",
			"license": "MIT",
			"devDependencies": {
				"@commitlint/cli": "^19.8.1",
				"@commitlint/config-conventional": "^19.8.1",
				"@types/node": "^24.5.2",
				"lint-staged": "^16.2.0",
				"prettier": "^3.6.2",
				"simple-git-hooks": "^2.13.1",
				"sort-package-json": "^3.4.0"
			},
			"funding": {
				"url": "https://github.com/sponsors/Wombosvideo"
			}
		},
		"../../node_modules/.pnpm/typescript@7.0.2/node_modules/typescript": {
			"version": "7.0.2",
			"dev": true,
			"license": "Apache-2.0",
			"bin": {
				"tsc": "bin/tsc"
			},
			"engines": {
				"node": ">=16.20.0"
			},
			"optionalDependencies": {
				"@typescript/typescript-aix-ppc64": "7.0.2",
				"@typescript/typescript-darwin-arm64": "7.0.2",
				"@typescript/typescript-darwin-x64": "7.0.2",
				"@typescript/typescript-freebsd-arm64": "7.0.2",
				"@typescript/typescript-freebsd-x64": "7.0.2",
				"@typescript/typescript-linux-arm": "7.0.2",
				"@typescript/typescript-linux-arm64": "7.0.2",
				"@typescript/typescript-linux-loong64": "7.0.2",
				"@typescript/typescript-linux-mips64el": "7.0.2",
				"@typescript/typescript-linux-ppc64": "7.0.2",
				"@typescript/typescript-linux-riscv64": "7.0.2",
				"@typescript/typescript-linux-s390x": "7.0.2",
				"@typescript/typescript-linux-x64": "7.0.2",
				"@typescript/typescript-netbsd-arm64": "7.0.2",
				"@typescript/typescript-netbsd-x64": "7.0.2",
				"@typescript/typescript-openbsd-arm64": "7.0.2",
				"@typescript/typescript-openbsd-x64": "7.0.2",
				"@typescript/typescript-sunos-x64": "7.0.2",
				"@typescript/typescript-win32-arm64": "7.0.2",
				"@typescript/typescript-win32-x64": "7.0.2"
			}
		},
		"node_modules/@apidevtools/swagger-parser": {
			"resolved": "../../node_modules/.pnpm/@apidevtools+swagger-parser@12.1.0_openapi-types@12.1.3/node_modules/@apidevtools/swagger-parser",
			"link": true
		},
		"node_modules/@astrojs/check": {
			"resolved": "../../node_modules/.pnpm/@astrojs+check@0.9.9_prettier-plugin-astro@0.14.1_prettier@3.9.6_typescript@7.0.2/node_modules/@astrojs/check",
			"link": true
		},
		"node_modules/@astrojs/language-server": {
			"resolved": "../../node_modules/.pnpm/@astrojs+language-server@2.16.11_prettier-plugin-astro@0.14.1_prettier@3.9.6_typescript@7.0.2/node_modules/@astrojs/language-server",
			"link": true
		},
		"node_modules/@astrojs/markdown-remark": {
			"resolved": "../../node_modules/.pnpm/@astrojs+markdown-remark@7.2.1/node_modules/@astrojs/markdown-remark",
			"link": true
		},
		"node_modules/@astrojs/mdx": {
			"resolved": "../../node_modules/.pnpm/@astrojs+mdx@7.0.2_@astrojs+markdown-satteri@0.3.3_astro@7.0.6_@astrojs+markdown-remark_3f55bf229688138cf6750e6f9bcd486b/node_modules/@astrojs/mdx",
			"link": true
		},
		"node_modules/@astrojs/sitemap": {
			"resolved": "../../node_modules/.pnpm/@astrojs+sitemap@3.7.3/node_modules/@astrojs/sitemap",
			"link": true
		},
		"node_modules/@lucide/astro": {
			"resolved": "../../node_modules/.pnpm/@lucide+astro@1.23.0_astro@7.0.6_@astrojs+markdown-remark@7.2.1_@emnapi+core@1.11.1_@em_d4b5ffd2cdfbd55085aa17fd9d9078ca/node_modules/@lucide/astro",
			"link": true
		},
		"node_modules/@pagefind/component-ui": {
			"resolved": "../../node_modules/.pnpm/@pagefind+component-ui@1.5.2/node_modules/@pagefind/component-ui",
			"link": true
		},
		"node_modules/@tailwindcss/typography": {
			"resolved": "../../node_modules/.pnpm/@tailwindcss+typography@0.5.20_tailwindcss@4.3.2/node_modules/@tailwindcss/typography",
			"link": true
		},
		"node_modules/@tailwindcss/vite": {
			"resolved": "../../node_modules/.pnpm/@tailwindcss+vite@4.3.2_vite@8.1.3_@types+node@26.1.0_esbuild@0.28.1_jiti@2.7.0_yaml@2.9.0_/node_modules/@tailwindcss/vite",
			"link": true
		},
		"node_modules/@types/node": {
			"resolved": "../../node_modules/.pnpm/@types+node@26.1.0/node_modules/@types/node",
			"link": true
		},
		"node_modules/astro": {
			"resolved": "../../node_modules/.pnpm/astro@7.0.6_@astrojs+markdown-remark@7.2.1_@emnapi+core@1.11.1_@emnapi+runtime@1.11.2_@_a9fd2dde1d5fed6ca2fcf986983da91d/node_modules/astro",
			"link": true
		},
		"node_modules/astro-pagefind": {
			"resolved": "../../node_modules/.pnpm/astro-pagefind@2.0.1_astro@7.0.6_@astrojs+markdown-remark@7.2.1_@emnapi+core@1.11.1_@em_7726c10dafe6f52d18e3da188964ef2a/node_modules/astro-pagefind",
			"link": true
		},
		"node_modules/clsx": {
			"resolved": "../../node_modules/.pnpm/clsx@2.1.1/node_modules/clsx",
			"link": true
		},
		"node_modules/marked": {
			"resolved": "../../node_modules/.pnpm/marked@18.0.5/node_modules/marked",
			"link": true
		},
		"node_modules/openapi-sampler": {
			"resolved": "../../node_modules/.pnpm/openapi-sampler@1.7.4/node_modules/openapi-sampler",
			"link": true
		},
		"node_modules/oxlint": {
			"resolved": "../../node_modules/.pnpm/oxlint@1.72.0/node_modules/oxlint",
			"link": true
		},
		"node_modules/prettier": {
			"resolved": "../../node_modules/.pnpm/prettier@3.9.6/node_modules/prettier",
			"link": true
		},
		"node_modules/prettier-plugin-astro": {
			"resolved": "../../node_modules/.pnpm/prettier-plugin-astro@0.14.1/node_modules/prettier-plugin-astro",
			"link": true
		},
		"node_modules/prettier-plugin-tailwindcss": {
			"resolved": "../../node_modules/.pnpm/prettier-plugin-tailwindcss@0.8.1_prettier-plugin-astro@0.14.1_prettier@3.9.6/node_modules/prettier-plugin-tailwindcss",
			"link": true
		},
		"node_modules/rehype-autolink-headings": {
			"resolved": "../../node_modules/.pnpm/rehype-autolink-headings@7.1.0/node_modules/rehype-autolink-headings",
			"link": true
		},
		"node_modules/rehype-slug": {
			"resolved": "../../node_modules/.pnpm/rehype-slug@6.0.0/node_modules/rehype-slug",
			"link": true
		},
		"node_modules/sharp": {
			"resolved": "../../node_modules/.pnpm/sharp@0.35.3_@types+node@26.1.0/node_modules/sharp",
			"link": true
		},
		"node_modules/tailwind-merge": {
			"resolved": "../../node_modules/.pnpm/tailwind-merge@3.6.0/node_modules/tailwind-merge",
			"link": true
		},
		"node_modules/tailwindcss": {
			"resolved": "../../node_modules/.pnpm/tailwindcss@4.3.2/node_modules/tailwindcss",
			"link": true
		},
		"node_modules/tw-animate-css": {
			"resolved": "../../node_modules/.pnpm/tw-animate-css@1.4.0/node_modules/tw-animate-css",
			"link": true
		},
		"node_modules/typescript": {
			"resolved": "../../node_modules/.pnpm/typescript@7.0.2/node_modules/typescript",
			"link": true
		}
	}
}
